// !$*UTF8*$!
{
	archiveVersion = 1;
	classes = {
	};
	objectVersion = 56;
	objects = {

/* Begin PBXBuildFile section */
		2F15FDC128FDEF4C0073A9F2 /* TransferMoneyView.swift in Sources */ = {isa = PBXBuildFile; fileRef = 2F15FDC028FDEF4C0073A9F2 /* TransferMoneyView.swift */; };
		2F251E5328FB40130043B6C8 /* WalletApp.swift in Sources */ = {isa = PBXBuildFile; fileRef = 2F251E5228FB40130043B6C8 /* WalletApp.swift */; };
		2F251E5528FB40130043B6C8 /* ContentView.swift in Sources */ = {isa = PBXBuildFile; fileRef = 2F251E5428FB40130043B6C8 /* ContentView.swift */; };
		2F251E5728FB40140043B6C8 /* Assets.xcassets in Resources */ = {isa = PBXBuildFile; fileRef = 2F251E5628FB40140043B6C8 /* Assets.xcassets */; };
		2F251E5A28FB40140043B6C8 /* Preview Assets.xcassets in Resources */ = {isa = PBXBuildFile; fileRef = 2F251E5928FB40140043B6C8 /* Preview Assets.xcassets */; };
		2F251E6128FB40740043B6C8 /* HeaderView.swift in Sources */ = {isa = PBXBuildFile; fileRef = 2F251E6028FB40740043B6C8 /* HeaderView.swift */; };
		2F251E6328FB43790043B6C8 /* CardListView.swift in Sources */ = {isa = PBXBuildFile; fileRef = 2F251E6228FB43790043B6C8 /* CardListView.swift */; };
		2F251E6528FB43940043B6C8 /* Card.swift in Sources */ = {isa = PBXBuildFile; fileRef = 2F251E6428FB43940043B6C8 /* Card.swift */; };
		2F251E6728FB44C40043B6C8 /* MockData.swift in Sources */ = {isa = PBXBuildFile; fileRef = 2F251E6628FB44C40043B6C8 /* MockData.swift */; };
		2F251E6928FB4CEF0043B6C8 /* CardView.swift in Sources */ = {isa = PBXBuildFile; fileRef = 2F251E6828FB4CEF0043B6C8 /* CardView.swift */; };
		2F251E6B28FB4E680043B6C8 /* Color+Extension.swift in Sources */ = {isa = PBXBuildFile; fileRef = 2F251E6A28FB4E680043B6C8 /* Color+Extension.swift */; };
		2FF0B37B28FC903200407652 /* BalanceView.swift in Sources */ = {isa = PBXBuildFile; fileRef = 2FF0B37A28FC903200407652 /* BalanceView.swift */; };
		2FF0B37D28FC9F4400407652 /* HorizontalProgressView.swift in Sources */ = {isa = PBXBuildFile; fileRef = 2FF0B37C28FC9F4400407652 /* HorizontalProgressView.swift */; };
/* End PBXBuildFile section */

/* Begin PBXFileReference section */
		2F15FDC028FDEF4C0073A9F2 /* TransferMoneyView.swift */ = {isa = PBXFileReference; lastKnownFileType = sourcecode.swift; path = TransferMoneyView.swift; sourceTree = "<group>"; };
		2F251E4F28FB40130043B6C8 /* Wallet.app */ = {isa = PBXFileReference; explicitFileType = wrapper.application; includeInIndex = 0; path = Wallet.app; sourceTree = BUILT_PRODUCTS_DIR; };
		2F251E5228FB40130043B6C8 /* WalletApp.swift */ = {isa = PBXFileReference; lastKnownFileType = sourcecode.swift; path = WalletApp.swift; sourceTree = "<group>"; };
		2F251E5428FB40130043B6C8 /* ContentView.swift */ = {isa = PBXFileReference; lastKnownFileType = sourcecode.swift; path = ContentView.swift; sourceTree = "<group>"; };
		2F251E5628FB40140043B6C8 /* Assets.xcassets */ = {isa = PBXFileReference; lastKnownFileType = folder.assetcatalog; path = Assets.xcassets; sourceTree = "<group>"; };
		2F251E5928FB40140043B6C8 /* Preview Assets.xcassets */ = {isa = PBXFileReference; lastKnownFileType = folder.assetcatalog; path = "Preview Assets.xcassets"; sourceTree = "<group>"; };
		2F251E6028FB40740043B6C8 /* HeaderView.swift */ = {isa = PBXFileReference; lastKnownFileType = sourcecode.swift; path = HeaderView.swift; sourceTree = "<group>"; };
		2F251E6228FB43790043B6C8 /* CardListView.swift */ = {isa = PBXFileReference; lastKnownFileType = sourcecode.swift; path = CardListView.swift; sourceTree = "<group>"; };
		2F251E6428FB43940043B6C8 /* Card.swift */ = {isa = PBXFileReference; lastKnownFileType = sourcecode.swift; path = Card.swift; sourceTree = "<group>"; };
		2F251E6628FB44C40043B6C8 /* MockData.swift */ = {isa = PBXFileReference; lastKnownFileType = sourcecode.swift; path = MockData.swift; sourceTree = "<group>"; };
		2F251E6828FB4CEF0043B6C8 /* CardView.swift */ = {isa = PBXFileReference; lastKnownFileType = sourcecode.swift; path = CardView.swift; sourceTree = "<group>"; };
		2F251E6A28FB4E680043B6C8 /* Color+Extension.swift */ = {isa = PBXFileReference; lastKnownFileType = sourcecode.swift; path = "Color+Extension.swift"; sourceTree = "<group>"; };
		2FF0B37A28FC903200407652 /* BalanceView.swift */ = {isa = PBXFileReference; lastKnownFileType = sourcecode.swift; path = BalanceView.swift; sourceTree = "<group>"; };
		2FF0B37C28FC9F4400407652 /* HorizontalProgressView.swift */ = {isa = PBXFileReference; lastKnownFileType = sourcecode.swift; path = HorizontalProgressView.swift; sourceTree = "<group>"; };
/* End PBXFileReference section */

/* Begin PBXFrameworksBuildPhase section */
		2F251E4C28FB40130043B6C8 /* Frameworks */ = {
			isa = PBXFrameworksBuildPhase;
			buildActionMask = 2147483647;
			files = (
			);
			runOnlyForDeploymentPostprocessing = 0;
		};
/* End PBXFrameworksBuildPhase section */

/* Begin PBXGroup section */
		2F251E4628FB40130043B6C8 = {
			isa = PBXGroup;
			children = (
				2F251E5128FB40130043B6C8 /* Wallet */,
				2F251E5028FB40130043B6C8 /* Products */,
			);
			sourceTree = "<group>";
		};
		2F251E5028FB40130043B6C8 /* Products */ = {
			isa = PBXGroup;
			children = (
				2F251E4F28FB40130043B6C8 /* Wallet.app */,
			);
			name = Products;
			sourceTree = "<group>";
		};
		2F251E5128FB40130043B6C8 /* Wallet */ = {
			isa = PBXGroup;
			children = (
				2F251E5228FB40130043B6C8 /* WalletApp.swift */,
				2F251E5428FB40130043B6C8 /* ContentView.swift */,
				2F251E5628FB40140043B6C8 /* Assets.xcassets */,
				2F251E5828FB40140043B6C8 /* Preview Content */,
				2F251E6028FB40740043B6C8 /* HeaderView.swift */,
				2F251E6228FB43790043B6C8 /* CardListView.swift */,
				2F251E6428FB43940043B6C8 /* Card.swift */,
				2F251E6628FB44C40043B6C8 /* MockData.swift */,
				2F251E6828FB4CEF0043B6C8 /* CardView.swift */,
				2F251E6A28FB4E680043B6C8 /* Color+Extension.swift */,
				2FF0B37A28FC903200407652 /* BalanceView.swift */,
				2FF0B37C28FC9F4400407652 /* HorizontalProgressView.swift */,
				2F15FDC028FDEF4C0073A9F2 /* TransferMoneyView.swift */,
			);
			path = Wallet;
			sourceTree = "<group>";
		};
		2F251E5828FB40140043B6C8 /* Preview Content */ = {
			isa = PBXGroup;
			children = (
				2F251E5928FB40140043B6C8 /* Preview Assets.xcassets */,
			);
			path = "Preview Content";
			sourceTree = "<group>";
		};
/* End PBXGroup section */

/* Begin PBXNativeTarget section */
		2F251E4E28FB40130043B6C8 /* Wallet */ = {
			isa = PBXNativeTarget;
			buildConfigurationList = 2F251E5D28FB40140043B6C8 /* Build configuration list for PBXNativeTarget "Wallet" */;
			buildPhases = (
				2F251E4B28FB40130043B6C8 /* Sources */,
				2F251E4C28FB40130043B6C8 /* Frameworks */,
				2F251E4D28FB40130043B6C8 /* Resources */,
			);
			buildRules = (
			);
			dependencies = (
			);
			name = Wallet;
			productName = Wallet;
			productReference = 2F251E4F28FB40130043B6C8 /* Wallet.app */;
			productType = "com.apple.product-type.application";
		};
/* End PBXNativeTarget section */

/* Begin PBXProject section */
		2F251E4728FB40130043B6C8 /* Project object */ = {
			isa = PBXProject;
			attributes = {
				BuildIndependentTargetsInParallel = 1;
				LastSwiftUpdateCheck = 1400;
				LastUpgradeCheck = 1400;
				TargetAttributes = {
					2F251E4E28FB40130043B6C8 = {
						CreatedOnToolsVersion = 14.0.1;
					};
				};
			};
			buildConfigurationList = 2F251E4A28FB40130043B6C8 /* Build configuration list for PBXProject "Wallet" */;
			compatibilityVersion = "Xcode 14.0";
			developmentRegion = en;
			hasScannedForEncodings = 0;
			knownRegions = (
				en,
				Base,
			);
			mainGroup = 2F251E4628FB40130043B6C8;
			productRefGroup = 2F251E5028FB40130043B6C8 /* Products */;
			projectDirPath = "";
			projectRoot = "";
			targets = (
				2F251E4E28FB40130043B6C8 /* Wallet */,
			);
		};
/* End PBXProject section */

/* Begin PBXResourcesBuildPhase section */
		2F251E4D28FB40130043B6C8 /* Resources */ = {
			isa = PBXResourcesBuildPhase;
			buildActionMask = 2147483647;
			files = (
				2F251E5A28FB40140043B6C8 /* Preview Assets.xcassets in Resources */,
				2F251E5728FB40140043B6C8 /* Assets.xcassets in Resources */,
			);
			runOnlyForDeploymentPostprocessing = 0;
		};
/* End PBXResourcesBuildPhase section */

/* Begin PBXSourcesBuildPhase section */
		2F251E4B28FB40130043B6C8 /* Sources */ = {
			isa = PBXSourcesBuildPhase;
			buildActionMask = 2147483647;
			files = (
				2F251E6928FB4CEF0043B6C8 /* CardView.swift in Sources */,
				2F251E5528FB40130043B6C8 /* ContentView.swift in Sources */,
				2F251E6728FB44C40043B6C8 /* MockData.swift in Sources */,
				2F251E6128FB40740043B6C8 /* HeaderView.swift in Sources */,
				2F251E6528FB43940043B6C8 /* Card.swift in Sources */,
				2FF0B37D28FC9F4400407652 /* HorizontalProgressView.swift in Sources */,
				2F251E6328FB43790043B6C8 /* CardListView.swift in Sources */,
				2F15FDC128FDEF4C0073A9F2 /* TransferMoneyView.swift in Sources */,
				2FF0B37B28FC903200407652 /* BalanceView.swift in Sources */,
				2F251E5328FB40130043B6C8 /* WalletApp.swift in Sources */,
				2F251E6B28FB4E680043B6C8 /* Color+Extension.swift in Sources */,
			);
			runOnlyForDeploymentPostprocessing = 0;
		};
/* End PBXSourcesBuildPhase section */

/* Begin XCBuildConfiguration section */
		2F251E5B28FB40140043B6C8 /* Debug */ = {
			isa = XCBuildConfiguration;
			buildSettings = {
				ALWAYS_SEARCH_USER_PATHS = NO;
				CLANG_ANALYZER_NONNULL = YES;
				CLANG_ANALYZER_NUMBER_OBJECT_CONVERSION = YES_AGGRESSIVE;
				CLANG_CXX_LANGUAGE_STANDARD = "gnu++20";
				CLANG_ENABLE_MODULES = YES;
				CLANG_ENABLE_OBJC_ARC = YES;
				CLANG_ENABLE_OBJC_WEAK = YES;
				CLANG_WARN_BLOCK_CAPTURE_AUTORELEASING = YES;
				CLANG_WARN_BOOL_CONVERSION = YES;
				CLANG_WARN_COMMA = YES;
				CLANG_WARN_CONSTANT_CONVERSION = YES;
				CLANG_WARN_DEPRECATED_OBJC_IMPLEMENTATIONS = YES;
				CLANG_WARN_DIRECT_OBJC_ISA_USAGE = YES_ERROR;
				CLANG_WARN_DOCUMENTATION_COMMENTS = YES;
				CLANG_WARN_EMPTY_BODY = YES;
				CLANG_WARN_ENUM_CONVERSION = YES;
				CLANG_WARN_INFINITE_RECURSION = YES;
				CLANG_WARN_INT_CONVERSION = YES;
				CLANG_WARN_NON_LITERAL_NULL_CONVERSION = YES;
				CLANG_WARN_OBJC_IMPLICIT_RETAIN_SELF = YES;
				CLANG_WARN_OBJC_LITERAL_CONVERSION = YES;
				CLANG_WARN_OBJC_ROOT_CLASS = YES_ERROR;
				CLANG_WARN_QUOTED_INCLUDE_IN_FRAMEWORK_HEADER = YES;
				CLANG_WARN_RANGE_LOOP_ANALYSIS = YES;
				CLANG_WARN_STRICT_PROTOTYPES = YES;
				CLANG_WARN_SUSPICIOUS_MOVE = YES;
				CLANG_WARN_UNGUARDED_AVAILABILITY = YES_AGGRESSIVE;
				CLANG_WARN_UNREACHABLE_CODE = YES;
				CLANG_WARN__DUPLICATE_METHOD_MATCH = YES;
				COPY_PHASE_STRIP = NO;
				DEBUG_INFORMATION_FORMAT = dwarf;
				ENABLE_STRICT_OBJC_MSGSEND = YES;
				ENABLE_TESTABILITY = YES;
				GCC_C_LANGUAGE_STANDARD = gnu11;
				GCC_DYNAMIC_NO_PIC = NO;
				GCC_NO_COMMON_BLOCKS = YES;
				GCC_OPTIMIZATION_LEVEL = 0;
				GCC_PREPROCESSOR_DEFINITIONS = (
					"DEBUG=1",
					"$(inherited)",
				);
				GCC_WARN_64_TO_32_BIT_CONVERSION = YES;
				GCC_WARN_ABOUT_RETURN_TYPE = YES_ERROR;
				GCC_WARN_UNDECLARED_SELECTOR = YES;
				GCC_WARN_UNINITIALIZED_AUTOS = YES_AGGRESSIVE;
				GCC_WARN_UNUSED_FUNCTION = YES;
				GCC_WARN_UNUSED_VARIABLE = YES;
				IPHONEOS_DEPLOYMENT_TARGET = 16.0;
				MTL_ENABLE_DEBUG_INFO = INCLUDE_SOURCE;
				MTL_FAST_MATH = YES;
				ONLY_ACTIVE_ARCH = YES;
				SDKROOT = iphoneos;
				SWIFT_ACTIVE_COMPILATION_CONDITIONS = DEBUG;
				SWIFT_OPTIMIZATION_LEVEL = "-Onone";
			};
			name = Debug;
		};
		2F251E5C28FB40140043B6C8 /* Release */ = {
			isa = XCBuildConfiguration;
			buildSettings = {
				ALWAYS_SEARCH_USER_PATHS = NO;
				CLANG_ANALYZER_NONNULL = YES;
				CLANG_ANALYZER_NUMBER_OBJECT_CONVERSION = YES_AGGRESSIVE;
				CLANG_CXX_LANGUAGE_STANDARD = "gnu++20";
				CLANG_ENABLE_MODULES = YES;
				CLANG_ENABLE_OBJC_ARC = YES;
				CLANG_ENABLE_OBJC_WEAK = YES;
				CLANG_WARN_BLOCK_CAPTURE_AUTORELEASING = YES;
				CLANG_WARN_BOOL_CONVERSION = YES;
				CLANG_WARN_COMMA = YES;
				CLANG_WARN_CONSTANT_CONVERSION = YES;
				CLANG_WARN_DEPRECATED_OBJC_IMPLEMENTATIONS = YES;
				CLANG_WARN_DIRECT_OBJC_ISA_USAGE = YES_ERROR;
				CLANG_WARN_DOCUMENTATION_COMMENTS = YES;
				CLANG_WARN_EMPTY_BODY = YES;
				CLANG_WARN_ENUM_CONVERSION = YES;
				CLANG_WARN_INFINITE_RECURSION = YES;
				CLANG_WARN_INT_CONVERSION = YES;
				CLANG_WARN_NON_LITERAL_NULL_CONVERSION = YES;
				CLANG_WARN_OBJC_IMPLICIT_RETAIN_SELF = YES;
				CLANG_WARN_OBJC_LITERAL_CONVERSION = YES;
				CLANG_WARN_OBJC_ROOT_CLASS = YES_ERROR;
				CLANG_WARN_QUOTED_INCLUDE_IN_FRAMEWORK_HEADER = YES;
				CLANG_WARN_RANGE_LOOP_ANALYSIS = YES;
				CLANG_WARN_STRICT_PROTOTYPES = YES;
				CLANG_WARN_SUSPICIOUS_MOVE = YES;
				CLANG_WARN_UNGUARDED_AVAILABILITY = YES_AGGRESSIVE;
				CLANG_WARN_UNREACHABLE_CODE = YES;
				CLANG_WARN__DUPLICATE_METHOD_MATCH = YES;
				COPY_PHASE_STRIP = NO;
				DEBUG_INFORMATION_FORMAT = "dwarf-with-dsym";
				ENABLE_NS_ASSERTIONS = NO;
				ENABLE_STRICT_OBJC_MSGSEND = YES;
				GCC_C_LANGUAGE_STANDARD = gnu11;
				GCC_NO_COMMON_BLOCKS = YES;
				GCC_WARN_64_TO_32_BIT_CONVERSION = YES;
				GCC_WARN_ABOUT_RETURN_TYPE = YES_ERROR;
				GCC_WARN_UNDECLARED_SELECTOR = YES;
				GCC_WARN_UNINITIALIZED_AUTOS = YES_AGGRESSIVE;
				GCC_WARN_UNUSED_FUNCTION = YES;
				GCC_WARN_UNUSED_VARIABLE = YES;
				IPHONEOS_DEPLOYMENT_TARGET = 16.0;
				MTL_ENABLE_DEBUG_INFO = NO;
				MTL_FAST_MATH = YES;
				SDKROOT = iphoneos;
				SWIFT_COMPILATION_MODE = wholemodule;
				SWIFT_OPTIMIZATION_LEVEL = "-O";
				VALIDATE_PRODUCT = YES;
			};
			name = Release;
		};
		2F251E5E28FB40140043B6C8 /* Debug */ = {
			isa = XCBuildConfiguration;
			buildSettings = {
				ASSETCATALOG_COMPILER_APPICON_NAME = AppIcon;
				ASSETCATALOG_COMPILER_GLOBAL_ACCENT_COLOR_NAME = AccentColor;
				CODE_SIGN_STYLE = Automatic;
				CURRENT_PROJECT_VERSION = 1;
				DEVELOPMENT_ASSET_PATHS = "\"Wallet/Preview Content\"";
				DEVELOPMENT_TEAM = J6RUBNL6DQ;
				ENABLE_PREVIEWS = YES;
				GENERATE_INFOPLIST_FILE = YES;
				INFOPLIST_KEY_UIApplicationSceneManifest_Generation = YES;
				INFOPLIST_KEY_UIApplicationSupportsIndirectInputEvents = YES;
				INFOPLIST_KEY_UILaunchScreen_Generation = YES;
				INFOPLIST_KEY_UISupportedInterfaceOrientations_iPad = "UIInterfaceOrientationPortrait UIInterfaceOrientationPortraitUpsideDown UIInterfaceOrientationLandscapeLeft UIInterfaceOrientationLandscapeRight";
				INFOPLIST_KEY_UISupportedInterfaceOrientations_iPhone = "UIInterfaceOrientationPortrait UIInterfaceOrientationLandscapeLeft UIInterfaceOrientationLandscapeRight";
				LD_RUNPATH_SEARCH_PATHS = (
					"$(inherited)",
					"@executable_path/Frameworks",
				);
				MARKETING_VERSION = 1.0;
				PRODUCT_BUNDLE_IDENTIFIER = com.aayushkumar.Wallet;
				PRODUCT_NAME = "$(TARGET_NAME)";
				SWIFT_EMIT_LOC_STRINGS = YES;
				SWIFT_VERSION = 5.0;
				TARGETED_DEVICE_FAMILY = "1,2";
			};
			name = Debug;
		};
		2F251E5F28FB40140043B6C8 /* Release */ = {
			isa = XCBuildConfiguration;
			buildSettings = {
				ASSETCATALOG_COMPILER_APPICON_NAME = AppIcon;
				ASSETCATALOG_COMPILER_GLOBAL_ACCENT_COLOR_NAME = AccentColor;
				CODE_SIGN_STYLE = Automatic;
				CURRENT_PROJECT_VERSION = 1;
				DEVELOPMENT_ASSET_PATHS = "\"Wallet/Preview Content\"";
				DEVELOPMENT_TEAM = J6RUBNL6DQ;
				ENABLE_PREVIEWS = YES;
				GENERATE_INFOPLIST_FILE = YES;
				INFOPLIST_KEY_UIApplicationSceneManifest_Generation = YES;
				INFOPLIST_KEY_UIApplicationSupportsIndirectInputEvents = YES;
				INFOPLIST_KEY_UILaunchScreen_Generation = YES;
				INFOPLIST_KEY_UISupportedInterfaceOrientations_iPad = "UIInterfaceOrientationPortrait UIInterfaceOrientationPortraitUpsideDown UIInterfaceOrientationLandscapeLeft UIInterfaceOrientationLandscapeRight";
				INFOPLIST_KEY_UISupportedInterfaceOrientations_iPhone = "UIInterfaceOrientationPortrait UIInterfaceOrientationLandscapeLeft UIInterfaceOrientationLandscapeRight";
				LD_RUNPATH_SEARCH_PATHS = (
					"$(inherited)",
					"@executable_path/Frameworks",
				);
				MARKETING_VERSION = 1.0;
				PRODUCT_BUNDLE_IDENTIFIER = com.aayushkumar.Wallet;
				PRODUCT_NAME = "$(TARGET_NAME)";
				SWIFT_EMIT_LOC_STRINGS = YES;
				SWIFT_VERSION = 5.0;
				TARGETED_DEVICE_FAMILY = "1,2";
			};
			name = Release;
		};
/* End XCBuildConfiguration section */

/* Begin XCConfigurationList section */
		2F251E4A28FB40130043B6C8 /* Build configuration list for PBXProject "Wallet" */ = {
			isa = XCConfigurationList;
			buildConfigurations = (
				2F251E5B28FB40140043B6C8 /* Debug */,
				2F251E5C28FB40140043B6C8 /* Release */,
			);
			defaultConfigurationIsVisible = 0;
			defaultConfigurationName = Release;
		};
		2F251E5D28FB40140043B6C8 /* Build configuration list for PBXNativeTarget "Wallet" */ = {
			isa = XCConfigurationList;
			buildConfigurations = (
				2F251E5E28FB40140043B6C8 /* Debug */,
				2F251E5F28FB40140043B6C8 /* Release */,
			);
			defaultConfigurationIsVisible = 0;
			defaultConfigurationName = Release;
		};
/* End XCConfigurationList section */
	};
	rootObject = 2F251E4728FB40130043B6C8 /* Project object */;
}
